{
    "name": "example",
    "lockfileVersion": 2,
    "requires": true,
    "packages": {
        "": {
            "dependencies": {
                "@siposdani87/sui-js": "file:../",
                "material-design-lite": "1.3.0",
                "normalize.css": "8.0.1"
            }
        },
        "..": {
            "name": "@siposdani87/sui-js",
            "version": "0.9.11",
            "license": "ISC",
            "dependencies": {
                "crypto-js": "4.1.1",
                "date-fns": "2.30.0",
                "material-design-lite": "1.3.0",
                "normalize.css": "8.0.1"
            },
            "devDependencies": {
                "@googlemaps/jest-mocks": "2.19.0",
                "@types/crypto-js": "4.1.1",
                "@types/google.maps": "3.53.1",
                "@types/jest": "28.1.8",
                "@types/material-design-lite": "1.1.17",
                "@typescript-eslint/eslint-plugin": "5.59.6",
                "@typescript-eslint/parser": "5.59.6",
                "browser-sync": "2.29.3",
                "connect-modrewrite": "0.10.2",
                "esbuild": "0.17.19",
                "eslint": "8.40.0",
                "eslint-config-prettier": "8.8.0",
                "eslint-plugin-import": "2.27.5",
                "eslint-plugin-prettier": "4.2.1",
                "eslint-plugin-tsdoc": "0.2.17",
                "google-closure-compiler": "20230502.0.0",
                "google-closure-library": "20230502.0.0",
                "gulp": "4.0.2",
                "gulp-cli": "2.3.0",
                "gulp-sass": "5.1.0",
                "gulp-sourcemaps": "3.0.0",
                "jest": "28.1.3",
                "jest-environment-jsdom": "28.1.3",
                "jest-sonar-reporter": "2.0.0",
                "postcss-scss": "4.0.6",
                "prettier": "2.8.8",
                "readdirsync2": "1.0.2",
                "sass": "1.62.1",
                "stylelint": "15.6.2",
                "stylelint-config-standard": "33.0.0",
                "stylelint-scss": "5.0.0",
                "ts-jest": "28.0.8",
                "typescript": "5.0.4"
            }
        },
        "node_modules/@siposdani87/sui-js": {
            "resolved": "..",
            "link": true
        },
        "node_modules/material-design-lite": {
            "version": "1.3.0",
            "resolved": "https://registry.npmjs.org/material-design-lite/-/material-design-lite-1.3.0.tgz",
            "integrity": "sha512-ao76b0bqSTKcEMt7Pui+J/S3eVF0b3GWfuKUwfe2lP5DKlLZOwBq37e0/bXEzxrw7/SuHAuYAdoCwY6mAYhrsg==",
            "engines": {
                "node": ">=0.12.0"
            }
        },
        "node_modules/normalize.css": {
            "version": "8.0.1",
            "resolved": "https://registry.npmjs.org/normalize.css/-/normalize.css-8.0.1.tgz",
            "integrity": "sha512-qizSNPO93t1YUuUhP22btGOo3chcvDFqFaj2TRybP0DMxkHOCTYwp3n34fel4a31ORXy4m1Xq0Gyqpb5m33qIg=="
        }
    },
    "dependencies": {
        "@siposdani87/sui-js": {
            "version": "file:..",
            "requires": {
                "@googlemaps/jest-mocks": "2.19.0",
                "@types/crypto-js": "4.1.1",
                "@types/google.maps": "3.53.1",
                "@types/jest": "28.1.8",
                "@types/material-design-lite": "1.1.17",
                "@typescript-eslint/eslint-plugin": "5.59.6",
                "@typescript-eslint/parser": "5.59.6",
                "browser-sync": "2.29.3",
                "connect-modrewrite": "0.10.2",
                "crypto-js": "4.1.1",
                "date-fns": "2.30.0",
                "esbuild": "0.17.19",
                "eslint": "8.40.0",
                "eslint-config-prettier": "8.8.0",
                "eslint-plugin-import": "2.27.5",
                "eslint-plugin-prettier": "4.2.1",
                "eslint-plugin-tsdoc": "0.2.17",
                "google-closure-compiler": "20230502.0.0",
                "google-closure-library": "20230502.0.0",
                "gulp": "4.0.2",
                "gulp-cli": "2.3.0",
                "gulp-sass": "5.1.0",
                "gulp-sourcemaps": "3.0.0",
                "jest": "28.1.3",
                "jest-environment-jsdom": "28.1.3",
                "jest-sonar-reporter": "2.0.0",
                "material-design-lite": "1.3.0",
                "normalize.css": "8.0.1",
                "postcss-scss": "4.0.6",
                "prettier": "2.8.8",
                "readdirsync2": "1.0.2",
                "sass": "1.62.1",
                "stylelint": "15.6.2",
                "stylelint-config-standard": "33.0.0",
                "stylelint-scss": "5.0.0",
                "ts-jest": "28.0.8",
                "typescript": "5.0.4"
            }
        },
        "material-design-lite": {
            "version": "1.3.0",
            "resolved": "https://registry.npmjs.org/material-design-lite/-/material-design-lite-1.3.0.tgz",
            "integrity": "sha512-ao76b0bqSTKcEMt7Pui+J/S3eVF0b3GWfuKUwfe2lP5DKlLZOwBq37e0/bXEzxrw7/SuHAuYAdoCwY6mAYhrsg=="
        },
        "normalize.css": {
            "version": "8.0.1",
            "resolved": "https://registry.npmjs.org/normalize.css/-/normalize.css-8.0.1.tgz",
            "integrity": "sha512-qizSNPO93t1YUuUhP22btGOo3chcvDFqFaj2TRybP0DMxkHOCTYwp3n34fel4a31ORXy4m1Xq0Gyqpb5m33qIg=="
        }
    }
}
